{
  "name": "makkah-1376-tracker",
  "version": "4.0.0",
  "lockfileVersion": 3,
  "requires": true,
  "packages": {
    "": {
      "name": "makkah-1376-tracker",
      "version": "4.0.0",
      "license": "UNLICENSED",
      "devDependencies": {
        "electron": "^31.0.0",
        "electron-builder": "^24.13.3"
      }
    }
  }
}